github.com/zodimo/go-maybe v0.1.0 h1:u1kwSx0eqmJCIWszIJmpEj/CPzQU/cDBB+VuMeiuDz8=
github.com/zodimo/go-maybe v0.1.0/go.mod h1:xEqMthQw8lMcDFUWXBmrixQAhUL4SQBTqOQ5D/AlNyE=
github.com/zodimo/go-maybe v0.1.2 h1:f1k3fnvujyAA3jsgyAsH8TU1KpIWZoNLoI4b9PpjJIg=
github.com/zodimo/go-maybe v0.1.2/go.mod h1:xEqMthQw8lMcDFUWXBmrixQAhUL4SQBTqOQ5D/AlNyE=
