github.com/zodimo/go-maybe v0.1.0 h1:u1kwSx0eqmJCIWszIJmpEj/CPzQU/cDBB+VuMeiuDz8=
github.com/zodimo/go-maybe v0.1.0/go.mod h1:xEqMthQw8lMcDFUWXBmrixQAhUL4SQBTqOQ5D/AlNyE=
github.com/zodimo/go-maybe v0.1.2 h1:f1k3fnvujyAA3jsgyAsH8TU1KpIWZoNLoI4b9PpjJIg=
github.com/zodimo/go-maybe v0.1.2/go.mod h1:xEqMthQw8lMcDFUWXBmrixQAhUL4SQBTqOQ5D/AlNyE=
github.com/zodimo/go-maybe v0.1.3 h1:wEGtaSPkhTza+b0S+7J8C5nzkEB8KOoUK2dnQqA4ZEE=
github.com/zodimo/go-maybe v0.1.3/go.mod h1:xEqMthQw8lMcDFUWXBmrixQAhUL4SQBTqOQ5D/AlNyE=
github.com/zodimo/go-maybe v0.1.4 h1:zeqWxdJ49CyNcAb7MmSY5KY9F6DHvTGmjk8+rMgoLJw=
github.com/zodimo/go-maybe v0.1.4/go.mod h1:xEqMthQw8lMcDFUWXBmrixQAhUL4SQBTqOQ5D/AlNyE=
